
Microsoft Visual Studio Solution File, Format Version 12.00
# Visual Studio Version 17
VisualStudioVersion = 17.0.31903.59
MinimumVisualStudioVersion = 10.0.40219.1
Project("{2150E333-8FDC-42A3-9474-1A3956D46DE8}") = "src", "src", "{827E0CD3-B72D-47B6-A68D-7590B98EB39B}"
EndProject
Project("{FAE04EC0-301F-11D3-BF4B-00C04F79EFBC}") = "Fundo.Api", "src\Fundo.Api\Fundo.Api.csproj", "{AE985028-F72A-4ED8-AEFF-DEA52646E24B}"
EndProject
Project("{FAE04EC0-301F-11D3-BF4B-00C04F79EFBC}") = "Fundo.Application", "src\Fundo.Application\Fundo.Application.csproj", "{054FD7A2-ABC4-4D0C-ABD6-72585972FE4A}"
EndProject
Project("{FAE04EC0-301F-11D3-BF4B-00C04F79EFBC}") = "Fundo.Domain", "src\Fundo.Domain\Fundo.Domain.csproj", "{53CCDEA5-43E2-4930-A5AE-94B0305CD55B}"
EndProject
Project("{FAE04EC0-301F-11D3-BF4B-00C04F79EFBC}") = "Fundo.Infrastructure", "src\Fundo.Infrastructure\Fundo.Infrastructure.csproj", "{6494224A-8076-4106-84BC-CE7EA4419A5D}"
EndProject
Project("{2150E333-8FDC-42A3-9474-1A3956D46DE8}") = "tests", "tests", "{0AB3BF05-4346-4AA6-1389-037BE0695223}"
EndProject
Project("{FAE04EC0-301F-11D3-BF4B-00C04F79EFBC}") = "Fundo.Api.Tests", "tests\Fundo.Api.Tests\Fundo.Api.Tests.csproj", "{CA3E781E-55D6-4F49-A5A2-1203D8B20876}"
EndProject
Project("{FAE04EC0-301F-11D3-BF4B-00C04F79EFBC}") = "Fundo.Application.Tests", "tests\Fundo.Application.Tests\Fundo.Application.Tests.csproj", "{501A9BAE-B43A-421A-8933-2548EF42A5E2}"
EndProject
Project("{FAE04EC0-301F-11D3-BF4B-00C04F79EFBC}") = "Fundo.Domain.Tests", "tests\Fundo.Domain.Tests\Fundo.Domain.Tests.csproj", "{88129629-F19C-41EA-8E25-9C275488CDD1}"
EndProject
Global
	GlobalSection(SolutionConfigurationPlatforms) = preSolution
		Debug|Any CPU = Debug|Any CPU
		Debug|x64 = Debug|x64
		Debug|x86 = Debug|x86
		Release|Any CPU = Release|Any CPU
		Release|x64 = Release|x64
		Release|x86 = Release|x86
	EndGlobalSection
	GlobalSection(ProjectConfigurationPlatforms) = postSolution
		{AE985028-F72A-4ED8-AEFF-DEA52646E24B}.Debug|Any CPU.ActiveCfg = Debug|Any CPU
		{AE985028-F72A-4ED8-AEFF-DEA52646E24B}.Debug|Any CPU.Build.0 = Debug|Any CPU
		{AE985028-F72A-4ED8-AEFF-DEA52646E24B}.Debug|x64.ActiveCfg = Debug|Any CPU
		{AE985028-F72A-4ED8-AEFF-DEA52646E24B}.Debug|x64.Build.0 = Debug|Any CPU
		{AE985028-F72A-4ED8-AEFF-DEA52646E24B}.Debug|x86.ActiveCfg = Debug|Any CPU
		{AE985028-F72A-4ED8-AEFF-DEA52646E24B}.Debug|x86.Build.0 = Debug|Any CPU
		{AE985028-F72A-4ED8-AEFF-DEA52646E24B}.Release|Any CPU.ActiveCfg = Release|Any CPU
		{AE985028-F72A-4ED8-AEFF-DEA52646E24B}.Release|Any CPU.Build.0 = Release|Any CPU
		{AE985028-F72A-4ED8-AEFF-DEA52646E24B}.Release|x64.ActiveCfg = Release|Any CPU
		{AE985028-F72A-4ED8-AEFF-DEA52646E24B}.Release|x64.Build.0 = Release|Any CPU
		{AE985028-F72A-4ED8-AEFF-DEA52646E24B}.Release|x86.ActiveCfg = Release|Any CPU
		{AE985028-F72A-4ED8-AEFF-DEA52646E24B}.Release|x86.Build.0 = Release|Any CPU
		{054FD7A2-ABC4-4D0C-ABD6-72585972FE4A}.Debug|Any CPU.ActiveCfg = Debug|Any CPU
		{054FD7A2-ABC4-4D0C-ABD6-72585972FE4A}.Debug|Any CPU.Build.0 = Debug|Any CPU
		{054FD7A2-ABC4-4D0C-ABD6-72585972FE4A}.Debug|x64.ActiveCfg = Debug|Any CPU
		{054FD7A2-ABC4-4D0C-ABD6-72585972FE4A}.Debug|x64.Build.0 = Debug|Any CPU
		{054FD7A2-ABC4-4D0C-ABD6-72585972FE4A}.Debug|x86.ActiveCfg = Debug|Any CPU
		{054FD7A2-ABC4-4D0C-ABD6-72585972FE4A}.Debug|x86.Build.0 = Debug|Any CPU
		{054FD7A2-ABC4-4D0C-ABD6-72585972FE4A}.Release|Any CPU.ActiveCfg = Release|Any CPU
		{054FD7A2-ABC4-4D0C-ABD6-72585972FE4A}.Release|Any CPU.Build.0 = Release|Any CPU
		{054FD7A2-ABC4-4D0C-ABD6-72585972FE4A}.Release|x64.ActiveCfg = Release|Any CPU
		{054FD7A2-ABC4-4D0C-ABD6-72585972FE4A}.Release|x64.Build.0 = Release|Any CPU
		{054FD7A2-ABC4-4D0C-ABD6-72585972FE4A}.Release|x86.ActiveCfg = Release|Any CPU
		{054FD7A2-ABC4-4D0C-ABD6-72585972FE4A}.Release|x86.Build.0 = Release|Any CPU
		{53CCDEA5-43E2-4930-A5AE-94B0305CD55B}.Debug|Any CPU.ActiveCfg = Debug|Any CPU
		{53CCDEA5-43E2-4930-A5AE-94B0305CD55B}.Debug|Any CPU.Build.0 = Debug|Any CPU
		{53CCDEA5-43E2-4930-A5AE-94B0305CD55B}.Debug|x64.ActiveCfg = Debug|Any CPU
		{53CCDEA5-43E2-4930-A5AE-94B0305CD55B}.Debug|x64.Build.0 = Debug|Any CPU
		{53CCDEA5-43E2-4930-A5AE-94B0305CD55B}.Debug|x86.ActiveCfg = Debug|Any CPU
		{53CCDEA5-43E2-4930-A5AE-94B0305CD55B}.Debug|x86.Build.0 = Debug|Any CPU
		{53CCDEA5-43E2-4930-A5AE-94B0305CD55B}.Release|Any CPU.ActiveCfg = Release|Any CPU
		{53CCDEA5-43E2-4930-A5AE-94B0305CD55B}.Release|Any CPU.Build.0 = Release|Any CPU
		{53CCDEA5-43E2-4930-A5AE-94B0305CD55B}.Release|x64.ActiveCfg = Release|Any CPU
		{53CCDEA5-43E2-4930-A5AE-94B0305CD55B}.Release|x64.Build.0 = Release|Any CPU
		{53CCDEA5-43E2-4930-A5AE-94B0305CD55B}.Release|x86.ActiveCfg = Release|Any CPU
		{53CCDEA5-43E2-4930-A5AE-94B0305CD55B}.Release|x86.Build.0 = Release|Any CPU
		{6494224A-8076-4106-84BC-CE7EA4419A5D}.Debug|Any CPU.ActiveCfg = Debug|Any CPU
		{6494224A-8076-4106-84BC-CE7EA4419A5D}.Debug|Any CPU.Build.0 = Debug|Any CPU
		{6494224A-8076-4106-84BC-CE7EA4419A5D}.Debug|x64.ActiveCfg = Debug|Any CPU
		{6494224A-8076-4106-84BC-CE7EA4419A5D}.Debug|x64.Build.0 = Debug|Any CPU
		{6494224A-8076-4106-84BC-CE7EA4419A5D}.Debug|x86.ActiveCfg = Debug|Any CPU
		{6494224A-8076-4106-84BC-CE7EA4419A5D}.Debug|x86.Build.0 = Debug|Any CPU
		{6494224A-8076-4106-84BC-CE7EA4419A5D}.Release|Any CPU.ActiveCfg = Release|Any CPU
		{6494224A-8076-4106-84BC-CE7EA4419A5D}.Release|Any CPU.Build.0 = Release|Any CPU
		{6494224A-8076-4106-84BC-CE7EA4419A5D}.Release|x64.ActiveCfg = Release|Any CPU
		{6494224A-8076-4106-84BC-CE7EA4419A5D}.Release|x64.Build.0 = Release|Any CPU
		{6494224A-8076-4106-84BC-CE7EA4419A5D}.Release|x86.ActiveCfg = Release|Any CPU
		{6494224A-8076-4106-84BC-CE7EA4419A5D}.Release|x86.Build.0 = Release|Any CPU
		{CA3E781E-55D6-4F49-A5A2-1203D8B20876}.Debug|Any CPU.ActiveCfg = Debug|Any CPU
		{CA3E781E-55D6-4F49-A5A2-1203D8B20876}.Debug|Any CPU.Build.0 = Debug|Any CPU
		{CA3E781E-55D6-4F49-A5A2-1203D8B20876}.Debug|x64.ActiveCfg = Debug|Any CPU
		{CA3E781E-55D6-4F49-A5A2-1203D8B20876}.Debug|x64.Build.0 = Debug|Any CPU
		{CA3E781E-55D6-4F49-A5A2-1203D8B20876}.Debug|x86.ActiveCfg = Debug|Any CPU
		{CA3E781E-55D6-4F49-A5A2-1203D8B20876}.Debug|x86.Build.0 = Debug|Any CPU
		{CA3E781E-55D6-4F49-A5A2-1203D8B20876}.Release|Any CPU.ActiveCfg = Release|Any CPU
		{CA3E781E-55D6-4F49-A5A2-1203D8B20876}.Release|Any CPU.Build.0 = Release|Any CPU
		{CA3E781E-55D6-4F49-A5A2-1203D8B20876}.Release|x64.ActiveCfg = Release|Any CPU
		{CA3E781E-55D6-4F49-A5A2-1203D8B20876}.Release|x64.Build.0 = Release|Any CPU
		{CA3E781E-55D6-4F49-A5A2-1203D8B20876}.Release|x86.ActiveCfg = Release|Any CPU
		{CA3E781E-55D6-4F49-A5A2-1203D8B20876}.Release|x86.Build.0 = Release|Any CPU
		{501A9BAE-B43A-421A-8933-2548EF42A5E2}.Debug|Any CPU.ActiveCfg = Debug|Any CPU
		{501A9BAE-B43A-421A-8933-2548EF42A5E2}.Debug|Any CPU.Build.0 = Debug|Any CPU
		{501A9BAE-B43A-421A-8933-2548EF42A5E2}.Debug|x64.ActiveCfg = Debug|Any CPU
		{501A9BAE-B43A-421A-8933-2548EF42A5E2}.Debug|x64.Build.0 = Debug|Any CPU
		{501A9BAE-B43A-421A-8933-2548EF42A5E2}.Debug|x86.ActiveCfg = Debug|Any CPU
		{501A9BAE-B43A-421A-8933-2548EF42A5E2}.Debug|x86.Build.0 = Debug|Any CPU
		{501A9BAE-B43A-421A-8933-2548EF42A5E2}.Release|Any CPU.ActiveCfg = Release|Any CPU
		{501A9BAE-B43A-421A-8933-2548EF42A5E2}.Release|Any CPU.Build.0 = Release|Any CPU
		{501A9BAE-B43A-421A-8933-2548EF42A5E2}.Release|x64.ActiveCfg = Release|Any CPU
		{501A9BAE-B43A-421A-8933-2548EF42A5E2}.Release|x64.Build.0 = Release|Any CPU
		{501A9BAE-B43A-421A-8933-2548EF42A5E2}.Release|x86.ActiveCfg = Release|Any CPU
		{501A9BAE-B43A-421A-8933-2548EF42A5E2}.Release|x86.Build.0 = Release|Any CPU
		{88129629-F19C-41EA-8E25-9C275488CDD1}.Debug|Any CPU.ActiveCfg = Debug|Any CPU
		{88129629-F19C-41EA-8E25-9C275488CDD1}.Debug|Any CPU.Build.0 = Debug|Any CPU
		{88129629-F19C-41EA-8E25-9C275488CDD1}.Debug|x64.ActiveCfg = Debug|Any CPU
		{88129629-F19C-41EA-8E25-9C275488CDD1}.Debug|x64.Build.0 = Debug|Any CPU
		{88129629-F19C-41EA-8E25-9C275488CDD1}.Debug|x86.ActiveCfg = Debug|Any CPU
		{88129629-F19C-41EA-8E25-9C275488CDD1}.Debug|x86.Build.0 = Debug|Any CPU
		{88129629-F19C-41EA-8E25-9C275488CDD1}.Release|Any CPU.ActiveCfg = Release|Any CPU
		{88129629-F19C-41EA-8E25-9C275488CDD1}.Release|Any CPU.Build.0 = Release|Any CPU
		{88129629-F19C-41EA-8E25-9C275488CDD1}.Release|x64.ActiveCfg = Release|Any CPU
		{88129629-F19C-41EA-8E25-9C275488CDD1}.Release|x64.Build.0 = Release|Any CPU
		{88129629-F19C-41EA-8E25-9C275488CDD1}.Release|x86.ActiveCfg = Release|Any CPU
		{88129629-F19C-41EA-8E25-9C275488CDD1}.Release|x86.Build.0 = Release|Any CPU
	EndGlobalSection
	GlobalSection(SolutionProperties) = preSolution
		HideSolutionNode = FALSE
	EndGlobalSection
	GlobalSection(NestedProjects) = preSolution
		{AE985028-F72A-4ED8-AEFF-DEA52646E24B} = {827E0CD3-B72D-47B6-A68D-7590B98EB39B}
		{054FD7A2-ABC4-4D0C-ABD6-72585972FE4A} = {827E0CD3-B72D-47B6-A68D-7590B98EB39B}
		{53CCDEA5-43E2-4930-A5AE-94B0305CD55B} = {827E0CD3-B72D-47B6-A68D-7590B98EB39B}
		{6494224A-8076-4106-84BC-CE7EA4419A5D} = {827E0CD3-B72D-47B6-A68D-7590B98EB39B}
		{CA3E781E-55D6-4F49-A5A2-1203D8B20876} = {0AB3BF05-4346-4AA6-1389-037BE0695223}
		{501A9BAE-B43A-421A-8933-2548EF42A5E2} = {0AB3BF05-4346-4AA6-1389-037BE0695223}
		{88129629-F19C-41EA-8E25-9C275488CDD1} = {0AB3BF05-4346-4AA6-1389-037BE0695223}
	EndGlobalSection
EndGlobal
